
Microsoft Visual Studio Solution File, Format Version 12.00
# Visual Studio Version 16
VisualStudioVersion = 16.0.31515.178
MinimumVisualStudioVersion = 10.0.40219.1
Project("{FAE04EC0-301F-11D3-BF4B-00C04F79EFBC}") = "ConsoleApp5", "ConsoleApp5\ConsoleApp5.csproj", "{FD91B836-0924-49C1-A35C-97D097132BAE}"
EndProject
Global
	GlobalSection(SolutionConfigurationPlatforms) = preSolution
		Debug|Any CPU = Debug|Any CPU
		Release|Any CPU = Release|Any CPU
	EndGlobalSection
	GlobalSection(ProjectConfigurationPlatforms) = postSolution
		{FD91B836-0924-49C1-A35C-97D097132BAE}.Debug|Any CPU.ActiveCfg = Debug|Any CPU
		{FD91B836-0924-49C1-A35C-97D097132BAE}.Debug|Any CPU.Build.0 = Debug|Any CPU
		{FD91B836-0924-49C1-A35C-97D097132BAE}.Release|Any CPU.ActiveCfg = Release|Any CPU
		{FD91B836-0924-49C1-A35C-97D097132BAE}.Release|Any CPU.Build.0 = Release|Any CPU
	EndGlobalSection
	GlobalSection(SolutionProperties) = preSolution
		HideSolutionNode = FALSE
	EndGlobalSection
	GlobalSection(ExtensibilityGlobals) = postSolution
		SolutionGuid = {6D8D5E4D-C1A2-49D9-ABD6-B4F9B28EADA0}
	EndGlobalSection
EndGlobal
